
Microsoft Visual Studio Solution File, Format Version 12.00
# Visual Studio 15
VisualStudioVersion = 15.0.28010.2050
MinimumVisualStudioVersion = 10.0.40219.1
Project("{FAE04EC0-301F-11D3-BF4B-00C04F79EFBC}") = "Salle", "Salle\Salle.csproj", "{788B2C06-9A80-4B72-8182-68D6059D8420}"
EndProject
Project("{FAE04EC0-301F-11D3-BF4B-00C04F79EFBC}") = "Kitchen", "Kitchen\Kitchen.csproj", "{57C4CAF6-005B-4847-9B09-D2E34BE3BB9E}"
EndProject
Global
	GlobalSection(SolutionConfigurationPlatforms) = preSolution
		Debug|Any CPU = Debug|Any CPU
		Release|Any CPU = Release|Any CPU
	EndGlobalSection
	GlobalSection(ProjectConfigurationPlatforms) = postSolution
		{788B2C06-9A80-4B72-8182-68D6059D8420}.Debug|Any CPU.ActiveCfg = Debug|Any CPU
		{788B2C06-9A80-4B72-8182-68D6059D8420}.Debug|Any CPU.Build.0 = Debug|Any CPU
		{788B2C06-9A80-4B72-8182-68D6059D8420}.Release|Any CPU.ActiveCfg = Release|Any CPU
		{788B2C06-9A80-4B72-8182-68D6059D8420}.Release|Any CPU.Build.0 = Release|Any CPU
		{57C4CAF6-005B-4847-9B09-D2E34BE3BB9E}.Debug|Any CPU.ActiveCfg = Debug|Any CPU
		{57C4CAF6-005B-4847-9B09-D2E34BE3BB9E}.Debug|Any CPU.Build.0 = Debug|Any CPU
		{57C4CAF6-005B-4847-9B09-D2E34BE3BB9E}.Release|Any CPU.ActiveCfg = Release|Any CPU
		{57C4CAF6-005B-4847-9B09-D2E34BE3BB9E}.Release|Any CPU.Build.0 = Release|Any CPU
	EndGlobalSection
	GlobalSection(SolutionProperties) = preSolution
		HideSolutionNode = FALSE
	EndGlobalSection
	GlobalSection(ExtensibilityGlobals) = postSolution
		SolutionGuid = {9ACA340E-9D6B-4E02-971A-5671B3B6363A}
	EndGlobalSection
EndGlobal
